Microsoft Visual Studio Solution File, Format Version 12.00
# Visual Studio 15
VisualStudioVersion = 15.0.26730.16
MinimumVisualStudioVersion = 10.0.40219.1
Project("{FAE04EC0-301F-11D3-BF4B-00C04F79EFBC}") = "FilterTreeView", "FilterTreeView\FilterTreeView.csproj", "{9668A53D-608F-46B1-926C-14AC52CD35AE}"
EndProject
Project("{FAE04EC0-301F-11D3-BF4B-00C04F79EFBC}") = "BusinessLib", "BusinessLib\BusinessLib.csproj", "{70CC82CC-9EFE-461F-A959-F64A06894621}"
EndProject
Global
	GlobalSection(SolutionConfigurationPlatforms) = preSolution
		Debug|Any CPU = Debug|Any CPU
		Release|Any CPU = Release|Any CPU
	EndGlobalSection
	GlobalSection(ProjectConfigurationPlatforms) = postSolution
		{9668A53D-608F-46B1-926C-14AC52CD35AE}.Debug|Any CPU.ActiveCfg = Debug|Any CPU
		{9668A53D-608F-46B1-926C-14AC52CD35AE}.Debug|Any CPU.Build.0 = Debug|Any CPU
		{9668A53D-608F-46B1-926C-14AC52CD35AE}.Release|Any CPU.ActiveCfg = Release|Any CPU
		{9668A53D-608F-46B1-926C-14AC52CD35AE}.Release|Any CPU.Build.0 = Release|Any CPU
		{70CC82CC-9EFE-461F-A959-F64A06894621}.Debug|Any CPU.ActiveCfg = Debug|Any CPU
		{70CC82CC-9EFE-461F-A959-F64A06894621}.Debug|Any CPU.Build.0 = Debug|Any CPU
		{70CC82CC-9EFE-461F-A959-F64A06894621}.Release|Any CPU.ActiveCfg = Release|Any CPU
		{70CC82CC-9EFE-461F-A959-F64A06894621}.Release|Any CPU.Build.0 = Release|Any CPU
	EndGlobalSection
	GlobalSection(SolutionProperties) = preSolution
		HideSolutionNode = FALSE
	EndGlobalSection
	GlobalSection(ExtensibilityGlobals) = postSolution
		SolutionGuid = {E5C2784B-651F-471A-84F7-7A11969323CE}
	EndGlobalSection
EndGlobal
